
Microsoft Visual Studio Solution File, Format Version 12.00
# Visual Studio Version 17
VisualStudioVersion = 17.5.33516.290
MinimumVisualStudioVersion = 10.0.40219.1
Project("{9A19103F-16F7-4668-BE54-9A1E7A4F7556}") = "Desafio_01", "Desafio_01\Desafio_01.csproj", "{D0230340-7B40-45E7-97DA-FBD53CE77A6F}"
EndProject
Project("{9A19103F-16F7-4668-BE54-9A1E7A4F7556}") = "Desafio_02", "Desafio_02\Desafio_02.csproj", "{DE349803-D16B-4D39-8606-E81A138569F5}"
EndProject
Project("{9A19103F-16F7-4668-BE54-9A1E7A4F7556}") = "Desafio_03", "Desafio_03\Desafio_03.csproj", "{2759B68B-CC96-4330-93FE-A0A3980180AF}"
EndProject
Project("{9A19103F-16F7-4668-BE54-9A1E7A4F7556}") = "Desafio_04", "Desafio_04\Desafio_04.csproj", "{3E62B3C9-12E7-40D4-B544-EB2D12F8A65C}"
EndProject
Project("{9A19103F-16F7-4668-BE54-9A1E7A4F7556}") = "Desafio_05", "Desafio_05\Desafio_05.csproj", "{57B7B83C-FB17-499B-B217-84CC9008706C}"
EndProject
Global
	GlobalSection(SolutionConfigurationPlatforms) = preSolution
		Debug|Any CPU = Debug|Any CPU
		Release|Any CPU = Release|Any CPU
	EndGlobalSection
	GlobalSection(ProjectConfigurationPlatforms) = postSolution
		{D0230340-7B40-45E7-97DA-FBD53CE77A6F}.Debug|Any CPU.ActiveCfg = Debug|Any CPU
		{D0230340-7B40-45E7-97DA-FBD53CE77A6F}.Debug|Any CPU.Build.0 = Debug|Any CPU
		{D0230340-7B40-45E7-97DA-FBD53CE77A6F}.Release|Any CPU.ActiveCfg = Release|Any CPU
		{D0230340-7B40-45E7-97DA-FBD53CE77A6F}.Release|Any CPU.Build.0 = Release|Any CPU
		{DE349803-D16B-4D39-8606-E81A138569F5}.Debug|Any CPU.ActiveCfg = Debug|Any CPU
		{DE349803-D16B-4D39-8606-E81A138569F5}.Debug|Any CPU.Build.0 = Debug|Any CPU
		{DE349803-D16B-4D39-8606-E81A138569F5}.Release|Any CPU.ActiveCfg = Release|Any CPU
		{DE349803-D16B-4D39-8606-E81A138569F5}.Release|Any CPU.Build.0 = Release|Any CPU
		{2759B68B-CC96-4330-93FE-A0A3980180AF}.Debug|Any CPU.ActiveCfg = Debug|Any CPU
		{2759B68B-CC96-4330-93FE-A0A3980180AF}.Debug|Any CPU.Build.0 = Debug|Any CPU
		{2759B68B-CC96-4330-93FE-A0A3980180AF}.Release|Any CPU.ActiveCfg = Release|Any CPU
		{2759B68B-CC96-4330-93FE-A0A3980180AF}.Release|Any CPU.Build.0 = Release|Any CPU
		{3E62B3C9-12E7-40D4-B544-EB2D12F8A65C}.Debug|Any CPU.ActiveCfg = Debug|Any CPU
		{3E62B3C9-12E7-40D4-B544-EB2D12F8A65C}.Debug|Any CPU.Build.0 = Debug|Any CPU
		{3E62B3C9-12E7-40D4-B544-EB2D12F8A65C}.Release|Any CPU.ActiveCfg = Release|Any CPU
		{3E62B3C9-12E7-40D4-B544-EB2D12F8A65C}.Release|Any CPU.Build.0 = Release|Any CPU
		{57B7B83C-FB17-499B-B217-84CC9008706C}.Debug|Any CPU.ActiveCfg = Debug|Any CPU
		{57B7B83C-FB17-499B-B217-84CC9008706C}.Debug|Any CPU.Build.0 = Debug|Any CPU
		{57B7B83C-FB17-499B-B217-84CC9008706C}.Release|Any CPU.ActiveCfg = Release|Any CPU
		{57B7B83C-FB17-499B-B217-84CC9008706C}.Release|Any CPU.Build.0 = Release|Any CPU
	EndGlobalSection
	GlobalSection(SolutionProperties) = preSolution
		HideSolutionNode = FALSE
	EndGlobalSection
	GlobalSection(ExtensibilityGlobals) = postSolution
		SolutionGuid = {B55B720F-95A2-4405-B655-4FE1E3B4AFC6}
	EndGlobalSection
EndGlobal
