
Microsoft Visual Studio Solution File, Format Version 12.00
# Visual Studio Version 17
VisualStudioVersion = 17.5.33516.290
MinimumVisualStudioVersion = 10.0.40219.1
Project("{FAE04EC0-301F-11D3-BF4B-00C04F79EFBC}") = "Desafio_01", "Desafio_01\Desafio_01.csproj", "{D0230340-7B40-45E7-97DA-FBD53CE77A6F}"
EndProject
Global
	GlobalSection(SolutionConfigurationPlatforms) = preSolution
		Debug|Any CPU = Debug|Any CPU
		Release|Any CPU = Release|Any CPU
	EndGlobalSection
	GlobalSection(ProjectConfigurationPlatforms) = postSolution
		{D0230340-7B40-45E7-97DA-FBD53CE77A6F}.Debug|Any CPU.ActiveCfg = Debug|Any CPU
		{D0230340-7B40-45E7-97DA-FBD53CE77A6F}.Debug|Any CPU.Build.0 = Debug|Any CPU
		{D0230340-7B40-45E7-97DA-FBD53CE77A6F}.Release|Any CPU.ActiveCfg = Release|Any CPU
		{D0230340-7B40-45E7-97DA-FBD53CE77A6F}.Release|Any CPU.Build.0 = Release|Any CPU
	EndGlobalSection
	GlobalSection(SolutionProperties) = preSolution
		HideSolutionNode = FALSE
	EndGlobalSection
	GlobalSection(ExtensibilityGlobals) = postSolution
		SolutionGuid = {B55B720F-95A2-4405-B655-4FE1E3B4AFC6}
	EndGlobalSection
EndGlobal
